// !$*UTF8*$!
{
	archiveVersion = 1;
	classes = {
	};
	objectVersion = 46;
	objects = {

/* Begin PBXBuildFile section */
		FF71A31B1E7CF2F00019B9EA /* main.m in Sources */ = {isa = PBXBuildFile; fileRef = FF71A31A1E7CF2F00019B9EA /* main.m */; };
		FF71A31E1E7CF2F00019B9EA /* AppDelegate.m in Sources */ = {isa = PBXBuildFile; fileRef = FF71A31D1E7CF2F00019B9EA /* AppDelegate.m */; };
		FF71A3211E7CF2F00019B9EA /* FirstViewController.m in Sources */ = {isa = PBXBuildFile; fileRef = FF71A3201E7CF2F00019B9EA /* FirstViewController.m */; };
		FF71A3241E7CF2F00019B9EA /* SecondViewController.m in Sources */ = {isa = PBXBuildFile; fileRef = FF71A3231E7CF2F00019B9EA /* SecondViewController.m */; };
		FF71A3271E7CF2F00019B9EA /* Main.storyboard in Resources */ = {isa = PBXBuildFile; fileRef = FF71A3251E7CF2F00019B9EA /* Main.storyboard */; };
		FF71A32C1E7CF2F10019B9EA /* LaunchScreen.storyboard in Resources */ = {isa = PBXBuildFile; fileRef = FF71A32A1E7CF2F10019B9EA /* LaunchScreen.storyboard */; };
		FF71A3351E7CF6180019B9EA /* CoreLocation.framework in Frameworks */ = {isa = PBXBuildFile; fileRef = FF71A3341E7CF6180019B9EA /* CoreLocation.framework */; };
		FF71A3371E7CF6260019B9EA /* MapKit.framework in Frameworks */ = {isa = PBXBuildFile; fileRef = FF71A3361E7CF6260019B9EA /* MapKit.framework */; };
		FF71A3391E7D25740019B9EA /* README.md in Sources */ = {isa = PBXBuildFile; fileRef = FF71A3381E7D25740019B9EA /* README.md */; };
		FF71A33D1E7D385B0019B9EA /* ETAnnotation.m in Sources */ = {isa = PBXBuildFile; fileRef = FF71A33C1E7D385B0019B9EA /* ETAnnotation.m */; };
		FF71A33F1E7D63570019B9EA /* Assets.xcassets in Resources */ = {isa = PBXBuildFile; fileRef = FF71A33E1E7D63570019B9EA /* Assets.xcassets */; };
/* End PBXBuildFile section */

/* Begin PBXFileReference section */
		FF71A3161E7CF2F00019B9EA /* DeliciousInHZ.app */ = {isa = PBXFileReference; explicitFileType = wrapper.application; includeInIndex = 0; path = DeliciousInHZ.app; sourceTree = BUILT_PRODUCTS_DIR; };
		FF71A31A1E7CF2F00019B9EA /* main.m */ = {isa = PBXFileReference; lastKnownFileType = sourcecode.c.objc; path = main.m; sourceTree = "<group>"; };
		FF71A31C1E7CF2F00019B9EA /* AppDelegate.h */ = {isa = PBXFileReference; lastKnownFileType = sourcecode.c.h; path = AppDelegate.h; sourceTree = "<group>"; };
		FF71A31D1E7CF2F00019B9EA /* AppDelegate.m */ = {isa = PBXFileReference; lastKnownFileType = sourcecode.c.objc; path = AppDelegate.m; sourceTree = "<group>"; };
		FF71A31F1E7CF2F00019B9EA /* FirstViewController.h */ = {isa = PBXFileReference; lastKnownFileType = sourcecode.c.h; path = FirstViewController.h; sourceTree = "<group>"; };
		FF71A3201E7CF2F00019B9EA /* FirstViewController.m */ = {isa = PBXFileReference; lastKnownFileType = sourcecode.c.objc; path = FirstViewController.m; sourceTree = "<group>"; };
		FF71A3221E7CF2F00019B9EA /* SecondViewController.h */ = {isa = PBXFileReference; lastKnownFileType = sourcecode.c.h; path = SecondViewController.h; sourceTree = "<group>"; };
		FF71A3231E7CF2F00019B9EA /* SecondViewController.m */ = {isa = PBXFileReference; lastKnownFileType = sourcecode.c.objc; path = SecondViewController.m; sourceTree = "<group>"; };
		FF71A3261E7CF2F00019B9EA /* Base */ = {isa = PBXFileReference; lastKnownFileType = file.storyboard; name = Base; path = Base.lproj/Main.storyboard; sourceTree = "<group>"; };
		FF71A32B1E7CF2F10019B9EA /* Base */ = {isa = PBXFileReference; lastKnownFileType = file.storyboard; name = Base; path = Base.lproj/LaunchScreen.storyboard; sourceTree = "<group>"; };
		FF71A32D1E7CF2F10019B9EA /* Info.plist */ = {isa = PBXFileReference; lastKnownFileType = text.plist.xml; path = Info.plist; sourceTree = "<group>"; };
		FF71A3341E7CF6180019B9EA /* CoreLocation.framework */ = {isa = PBXFileReference; lastKnownFileType = wrapper.framework; name = CoreLocation.framework; path = System/Library/Frameworks/CoreLocation.framework; sourceTree = SDKROOT; };
		FF71A3361E7CF6260019B9EA /* MapKit.framework */ = {isa = PBXFileReference; lastKnownFileType = wrapper.framework; name = MapKit.framework; path = System/Library/Frameworks/MapKit.framework; sourceTree = SDKROOT; };
		FF71A3381E7D25740019B9EA /* README.md */ = {isa = PBXFileReference; fileEncoding = 4; lastKnownFileType = net.daringfireball.markdown; path = README.md; sourceTree = "<group>"; };
		FF71A33B1E7D36DA0019B9EA /* ETAnnotation.h */ = {isa = PBXFileReference; lastKnownFileType = sourcecode.c.h; path = ETAnnotation.h; sourceTree = "<group>"; };
		FF71A33C1E7D385B0019B9EA /* ETAnnotation.m */ = {isa = PBXFileReference; fileEncoding = 4; lastKnownFileType = sourcecode.c.objc; path = ETAnnotation.m; sourceTree = "<group>"; };
		FF71A33E1E7D63570019B9EA /* Assets.xcassets */ = {isa = PBXFileReference; lastKnownFileType = folder.assetcatalog; path = Assets.xcassets; sourceTree = "<group>"; };
/* End PBXFileReference section */

/* Begin PBXFrameworksBuildPhase section */
		FF71A3131E7CF2F00019B9EA /* Frameworks */ = {
			isa = PBXFrameworksBuildPhase;
			buildActionMask = 2147483647;
			files = (
				FF71A3371E7CF6260019B9EA /* MapKit.framework in Frameworks */,
				FF71A3351E7CF6180019B9EA /* CoreLocation.framework in Frameworks */,
			);
			runOnlyForDeploymentPostprocessing = 0;
		};
/* End PBXFrameworksBuildPhase section */

/* Begin PBXGroup section */
		FF71A30D1E7CF2F00019B9EA = {
			isa = PBXGroup;
			children = (
				FF71A3381E7D25740019B9EA /* README.md */,
				FF71A3181E7CF2F00019B9EA /* DeliciousInHZ */,
				FF71A3171E7CF2F00019B9EA /* Products */,
				FF71A3331E7CF6180019B9EA /* Frameworks */,
			);
			sourceTree = "<group>";
		};
		FF71A3171E7CF2F00019B9EA /* Products */ = {
			isa = PBXGroup;
			children = (
				FF71A3161E7CF2F00019B9EA /* DeliciousInHZ.app */,
			);
			name = Products;
			sourceTree = "<group>";
		};
		FF71A3181E7CF2F00019B9EA /* DeliciousInHZ */ = {
			isa = PBXGroup;
			children = (
				FF71A33A1E7D368D0019B9EA /* Custom */,
				FF71A31C1E7CF2F00019B9EA /* AppDelegate.h */,
				FF71A31D1E7CF2F00019B9EA /* AppDelegate.m */,
				FF71A31F1E7CF2F00019B9EA /* FirstViewController.h */,
				FF71A3201E7CF2F00019B9EA /* FirstViewController.m */,
				FF71A3221E7CF2F00019B9EA /* SecondViewController.h */,
				FF71A3231E7CF2F00019B9EA /* SecondViewController.m */,
				FF71A3251E7CF2F00019B9EA /* Main.storyboard */,
				FF71A33E1E7D63570019B9EA /* Assets.xcassets */,
				FF71A32A1E7CF2F10019B9EA /* LaunchScreen.storyboard */,
				FF71A32D1E7CF2F10019B9EA /* Info.plist */,
				FF71A3191E7CF2F00019B9EA /* Supporting Files */,
			);
			path = DeliciousInHZ;
			sourceTree = "<group>";
		};
		FF71A3191E7CF2F00019B9EA /* Supporting Files */ = {
			isa = PBXGroup;
			children = (
				FF71A31A1E7CF2F00019B9EA /* main.m */,
			);
			name = "Supporting Files";
			sourceTree = "<group>";
		};
		FF71A3331E7CF6180019B9EA /* Frameworks */ = {
			isa = PBXGroup;
			children = (
				FF71A3361E7CF6260019B9EA /* MapKit.framework */,
				FF71A3341E7CF6180019B9EA /* CoreLocation.framework */,
			);
			name = Frameworks;
			sourceTree = "<group>";
		};
		FF71A33A1E7D368D0019B9EA /* Custom */ = {
			isa = PBXGroup;
			children = (
				FF71A33B1E7D36DA0019B9EA /* ETAnnotation.h */,
				FF71A33C1E7D385B0019B9EA /* ETAnnotation.m */,
			);
			name = Custom;
			sourceTree = "<group>";
		};
/* End PBXGroup section */

/* Begin PBXNativeTarget section */
		FF71A3151E7CF2F00019B9EA /* DeliciousInHZ */ = {
			isa = PBXNativeTarget;
			buildConfigurationList = FF71A3301E7CF2F10019B9EA /* Build configuration list for PBXNativeTarget "DeliciousInHZ" */;
			buildPhases = (
				FF71A3121E7CF2F00019B9EA /* Sources */,
				FF71A3131E7CF2F00019B9EA /* Frameworks */,
				FF71A3141E7CF2F00019B9EA /* Resources */,
			);
			buildRules = (
			);
			dependencies = (
			);
			name = DeliciousInHZ;
			productName = DeliciousInHZ;
			productReference = FF71A3161E7CF2F00019B9EA /* DeliciousInHZ.app */;
			productType = "com.apple.product-type.application";
		};
/* End PBXNativeTarget section */

/* Begin PBXProject section */
		FF71A30E1E7CF2F00019B9EA /* Project object */ = {
			isa = PBXProject;
			attributes = {
				LastUpgradeCheck = 0820;
				ORGANIZATIONNAME = Egoist;
				TargetAttributes = {
					FF71A3151E7CF2F00019B9EA = {
						CreatedOnToolsVersion = 8.2.1;
						DevelopmentTeam = 6FZFPE5AH4;
						ProvisioningStyle = Automatic;
					};
				};
			};
			buildConfigurationList = FF71A3111E7CF2F00019B9EA /* Build configuration list for PBXProject "DeliciousInHZ" */;
			compatibilityVersion = "Xcode 3.2";
			developmentRegion = English;
			hasScannedForEncodings = 0;
			knownRegions = (
				en,
				Base,
			);
			mainGroup = FF71A30D1E7CF2F00019B9EA;
			productRefGroup = FF71A3171E7CF2F00019B9EA /* Products */;
			projectDirPath = "";
			projectRoot = "";
			targets = (
				FF71A3151E7CF2F00019B9EA /* DeliciousInHZ */,
			);
		};
/* End PBXProject section */

/* Begin PBXResourcesBuildPhase section */
		FF71A3141E7CF2F00019B9EA /* Resources */ = {
			isa = PBXResourcesBuildPhase;
			buildActionMask = 2147483647;
			files = (
				FF71A32C1E7CF2F10019B9EA /* LaunchScreen.storyboard in Resources */,
				FF71A33F1E7D63570019B9EA /* Assets.xcassets in Resources */,
				FF71A3271E7CF2F00019B9EA /* Main.storyboard in Resources */,
			);
			runOnlyForDeploymentPostprocessing = 0;
		};
/* End PBXResourcesBuildPhase section */

/* Begin PBXSourcesBuildPhase section */
		FF71A3121E7CF2F00019B9EA /* Sources */ = {
			isa = PBXSourcesBuildPhase;
			buildActionMask = 2147483647;
			files = (
				FF71A3241E7CF2F00019B9EA /* SecondViewController.m in Sources */,
				FF71A31E1E7CF2F00019B9EA /* AppDelegate.m in Sources */,
				FF71A3391E7D25740019B9EA /* README.md in Sources */,
				FF71A3211E7CF2F00019B9EA /* FirstViewController.m in Sources */,
				FF71A31B1E7CF2F00019B9EA /* main.m in Sources */,
				FF71A33D1E7D385B0019B9EA /* ETAnnotation.m in Sources */,
			);
			runOnlyForDeploymentPostprocessing = 0;
		};
/* End PBXSourcesBuildPhase section */

/* Begin PBXVariantGroup section */
		FF71A3251E7CF2F00019B9EA /* Main.storyboard */ = {
			isa = PBXVariantGroup;
			children = (
				FF71A3261E7CF2F00019B9EA /* Base */,
			);
			name = Main.storyboard;
			sourceTree = "<group>";
		};
		FF71A32A1E7CF2F10019B9EA /* LaunchScreen.storyboard */ = {
			isa = PBXVariantGroup;
			children = (
				FF71A32B1E7CF2F10019B9EA /* Base */,
			);
			name = LaunchScreen.storyboard;
			sourceTree = "<group>";
		};
/* End PBXVariantGroup section */

/* Begin XCBuildConfiguration section */
		FF71A32E1E7CF2F10019B9EA /* Debug */ = {
			isa = XCBuildConfiguration;
			buildSettings = {
				ALWAYS_SEARCH_USER_PATHS = NO;
				CLANG_ANALYZER_NONNULL = YES;
				CLANG_CXX_LANGUAGE_STANDARD = "gnu++0x";
				CLANG_CXX_LIBRARY = "libc++";
				CLANG_ENABLE_MODULES = YES;
				CLANG_ENABLE_OBJC_ARC = YES;
				CLANG_WARN_BOOL_CONVERSION = YES;
				CLANG_WARN_CONSTANT_CONVERSION = YES;
				CLANG_WARN_DIRECT_OBJC_ISA_USAGE = YES_ERROR;
				CLANG_WARN_DOCUMENTATION_COMMENTS = YES;
				CLANG_WARN_EMPTY_BODY = YES;
				CLANG_WARN_ENUM_CONVERSION = YES;
				CLANG_WARN_INFINITE_RECURSION = YES;
				CLANG_WARN_INT_CONVERSION = YES;
				CLANG_WARN_OBJC_ROOT_CLASS = YES_ERROR;
				CLANG_WARN_SUSPICIOUS_MOVE = YES;
				CLANG_WARN_UNREACHABLE_CODE = YES;
				CLANG_WARN__DUPLICATE_METHOD_MATCH = YES;
				"CODE_SIGN_IDENTITY[sdk=iphoneos*]" = "iPhone Developer";
				COPY_PHASE_STRIP = NO;
				DEBUG_INFORMATION_FORMAT = dwarf;
				ENABLE_STRICT_OBJC_MSGSEND = YES;
				ENABLE_TESTABILITY = YES;
				GCC_C_LANGUAGE_STANDARD = gnu99;
				GCC_DYNAMIC_NO_PIC = NO;
				GCC_NO_COMMON_BLOCKS = YES;
				GCC_OPTIMIZATION_LEVEL = 0;
				GCC_PREPROCESSOR_DEFINITIONS = (
					"DEBUG=1",
					"$(inherited)",
				);
				GCC_WARN_64_TO_32_BIT_CONVERSION = YES;
				GCC_WARN_ABOUT_RETURN_TYPE = YES_ERROR;
				GCC_WARN_UNDECLARED_SELECTOR = YES;
				GCC_WARN_UNINITIALIZED_AUTOS = YES_AGGRESSIVE;
				GCC_WARN_UNUSED_FUNCTION = YES;
				GCC_WARN_UNUSED_VARIABLE = YES;
				IPHONEOS_DEPLOYMENT_TARGET = 10.1;
				MTL_ENABLE_DEBUG_INFO = YES;
				ONLY_ACTIVE_ARCH = YES;
				SDKROOT = iphoneos;
				TARGETED_DEVICE_FAMILY = "1,2";
			};
			name = Debug;
		};
		FF71A32F1E7CF2F10019B9EA /* Release */ = {
			isa = XCBuildConfiguration;
			buildSettings = {
				ALWAYS_SEARCH_USER_PATHS = NO;
				CLANG_ANALYZER_NONNULL = YES;
				CLANG_CXX_LANGUAGE_STANDARD = "gnu++0x";
				CLANG_CXX_LIBRARY = "libc++";
				CLANG_ENABLE_MODULES = YES;
				CLANG_ENABLE_OBJC_ARC = YES;
				CLANG_WARN_BOOL_CONVERSION = YES;
				CLANG_WARN_CONSTANT_CONVERSION = YES;
				CLANG_WARN_DIRECT_OBJC_ISA_USAGE = YES_ERROR;
				CLANG_WARN_DOCUMENTATION_COMMENTS = YES;
				CLANG_WARN_EMPTY_BODY = YES;
				CLANG_WARN_ENUM_CONVERSION = YES;
				CLANG_WARN_INFINITE_RECURSION = YES;
				CLANG_WARN_INT_CONVERSION = YES;
				CLANG_WARN_OBJC_ROOT_CLASS = YES_ERROR;
				CLANG_WARN_SUSPICIOUS_MOVE = YES;
				CLANG_WARN_UNREACHABLE_CODE = YES;
				CLANG_WARN__DUPLICATE_METHOD_MATCH = YES;
				"CODE_SIGN_IDENTITY[sdk=iphoneos*]" = "iPhone Developer";
				COPY_PHASE_STRIP = NO;
				DEBUG_INFORMATION_FORMAT = "dwarf-with-dsym";
				ENABLE_NS_ASSERTIONS = NO;
				ENABLE_STRICT_OBJC_MSGSEND = YES;
				GCC_C_LANGUAGE_STANDARD = gnu99;
				GCC_NO_COMMON_BLOCKS = YES;
				GCC_WARN_64_TO_32_BIT_CONVERSION = YES;
				GCC_WARN_ABOUT_RETURN_TYPE = YES_ERROR;
				GCC_WARN_UNDECLARED_SELECTOR = YES;
				GCC_WARN_UNINITIALIZED_AUTOS = YES_AGGRESSIVE;
				GCC_WARN_UNUSED_FUNCTION = YES;
				GCC_WARN_UNUSED_VARIABLE = YES;
				IPHONEOS_DEPLOYMENT_TARGET = 10.1;
				MTL_ENABLE_DEBUG_INFO = NO;
				SDKROOT = iphoneos;
				TARGETED_DEVICE_FAMILY = "1,2";
				VALIDATE_PRODUCT = YES;
			};
			name = Release;
		};
		FF71A3311E7CF2F10019B9EA /* Debug */ = {
			isa = XCBuildConfiguration;
			buildSettings = {
				ASSETCATALOG_COMPILER_APPICON_NAME = AppIcon;
				DEVELOPMENT_TEAM = 6FZFPE5AH4;
				INFOPLIST_FILE = DeliciousInHZ/Info.plist;
				LD_RUNPATH_SEARCH_PATHS = "$(inherited) @executable_path/Frameworks";
				PRODUCT_BUNDLE_IDENTIFIER = Egoist.com.DeliciousInHZ;
				PRODUCT_NAME = "$(TARGET_NAME)";
			};
			name = Debug;
		};
		FF71A3321E7CF2F10019B9EA /* Release */ = {
			isa = XCBuildConfiguration;
			buildSettings = {
				ASSETCATALOG_COMPILER_APPICON_NAME = AppIcon;
				DEVELOPMENT_TEAM = 6FZFPE5AH4;
				INFOPLIST_FILE = DeliciousInHZ/Info.plist;
				LD_RUNPATH_SEARCH_PATHS = "$(inherited) @executable_path/Frameworks";
				PRODUCT_BUNDLE_IDENTIFIER = Egoist.com.DeliciousInHZ;
				PRODUCT_NAME = "$(TARGET_NAME)";
			};
			name = Release;
		};
/* End XCBuildConfiguration section */

/* Begin XCConfigurationList section */
		FF71A3111E7CF2F00019B9EA /* Build configuration list for PBXProject "DeliciousInHZ" */ = {
			isa = XCConfigurationList;
			buildConfigurations = (
				FF71A32E1E7CF2F10019B9EA /* Debug */,
				FF71A32F1E7CF2F10019B9EA /* Release */,
			);
			defaultConfigurationIsVisible = 0;
			defaultConfigurationName = Release;
		};
		FF71A3301E7CF2F10019B9EA /* Build configuration list for PBXNativeTarget "DeliciousInHZ" */ = {
			isa = XCConfigurationList;
			buildConfigurations = (
				FF71A3311E7CF2F10019B9EA /* Debug */,
				FF71A3321E7CF2F10019B9EA /* Release */,
			);
			defaultConfigurationIsVisible = 0;
		};
/* End XCConfigurationList section */
	};
	rootObject = FF71A30E1E7CF2F00019B9EA /* Project object */;
}
